{
  "name": "cutvid.io",
  "version": "0.0.0",
  "lockfileVersion": 1,
  "requires": true,
  "dependencies": {
    "@ffmpeg/core": {
      "version": "0.8.5",
      "resolved": "https://registry.npmjs.org/@ffmpeg/core/-/core-0.8.5.tgz",
      "integrity": "sha512-hemVFmhVLbD/VZaCG2BvCzFglKytMIMJ5aJfc12eXN4O4cG0wXnGTMVzlK1KKW/6viHhJMPkc9h4UDnJW8Uivg=="
    },
    "@ffmpeg/ffmpeg": {
      "version": "0.9.7",
      "resolved": "https://registry.npmjs.org/@ffmpeg/ffmpeg/-/ffmpeg-0.9.7.tgz",
      "integrity": "sha512-WpZkNnqYGoaMcMd1EpaDi7nxRyEd05OjOTAfItH/ZwvAKJpr7ksvHKTC/NjP0li6mFrTFLGudP81J1tG0babdg==",
      "requires": {
        "is-url": "^1.2.4",
        "node-fetch": "^2.6.1",
        "regenerator-runtime": "^0.13.7",
        "resolve-url": "^0.2.1"
      }
    },
    "amdefine": {
      "version": "1.0.1",
      "resolved": "https://registry.npmjs.org/amdefine/-/amdefine-1.0.1.tgz",
      "integrity": "sha1-SlKCrBZHKek2Gbz9OtFR+BfOkfU="
    },
    "atob": {
      "version": "2.1.2",
      "resolved": "https://registry.npmjs.org/atob/-/atob-2.1.2.tgz",
      "integrity": "sha512-Wm6ukoaOGJi/73p/cl2GvLjTI5JM1k/O14isD73YML8StrH/7/lRFgmg8nICZgD3bZZvjwCGxtMOD3wWNAu8cg=="
    },
    "css-tokens": {
      "version": "1.0.1",
      "resolved": "https://registry.npmjs.org/css-tokens/-/css-tokens-1.0.1.tgz",
      "integrity": "sha1-Se0NLJpg6B+tCfNaEAkoJe8YX5g="
    },
    "decode-uri-component": {
      "version": "0.2.0",
      "resolved": "https://registry.npmjs.org/decode-uri-component/-/decode-uri-component-0.2.0.tgz",
      "integrity": "sha1-6zkTMzRYd1y4TNGh+uBiEGu4dUU="
    },
    "is-url": {
      "version": "1.2.4",
      "resolved": "https://registry.npmjs.org/is-url/-/is-url-1.2.4.tgz",
      "integrity": "sha512-ITvGim8FhRiYe4IQ5uHSkj7pVaPDrCTkNd3yq3cV7iZAcJdHTUMPMEHcqSOy9xZ9qFenQCvi+2wjH9a1nXqHww=="
    },
    "js-tokens": {
      "version": "1.0.3",
      "resolved": "https://registry.npmjs.org/js-tokens/-/js-tokens-1.0.3.tgz",
      "integrity": "sha1-FOVutoyPGpLEPVn1AU7CncIPKuE="
    },
    "node-fetch": {
      "version": "2.6.7",
      "resolved": "https://registry.npmjs.org/node-fetch/-/node-fetch-2.6.7.tgz",
      "integrity": "sha512-ZjMPFEfVx5j+y2yF35Kzx5sF7kDzxuDj6ziH4FFbOp87zKDZNx8yExJIb05OGF4Nlt9IHFIMBkRl41VdvcNdbQ==",
      "requires": {
        "whatwg-url": "^5.0.0"
      }
    },
    "node-watch": {
      "version": "0.7.1",
      "resolved": "https://registry.npmjs.org/node-watch/-/node-watch-0.7.1.tgz",
      "integrity": "sha512-UWblPYuZYrkCQCW5PxAwYSxaELNBLUckrTBBk8xr1/bUgyOkYYTsUcV4e3ytcazFEOyiRyiUrsG37pu6I0I05g=="
    },
    "regenerator-runtime": {
      "version": "0.13.7",
      "resolved": "https://registry.npmjs.org/regenerator-runtime/-/regenerator-runtime-0.13.7.tgz",
      "integrity": "sha512-a54FxoJDIr27pgf7IgeQGxmqUNYrcV338lf/6gH456HZ/PhX+5BcwHXG9ajESmwe6WRO0tAzRUrRmNONWgkrew=="
    },
    "resolve-url": {
      "version": "0.2.1",
      "resolved": "https://registry.npmjs.org/resolve-url/-/resolve-url-0.2.1.tgz",
      "integrity": "sha1-LGN/53yJOv0qZj/iGqkIAGjiBSo="
    },
    "source-map": {
      "version": "0.5.7",
      "resolved": "https://registry.npmjs.org/source-map/-/source-map-0.5.7.tgz",
      "integrity": "sha1-igOdLRAh0i0eoUyA2OpGi6LvP8w="
    },
    "source-map-concat": {
      "version": "1.0.1",
      "resolved": "https://registry.npmjs.org/source-map-concat/-/source-map-concat-1.0.1.tgz",
      "integrity": "sha1-B+ADHiyRVwRl2+v6nSpGg5AFk7M=",
      "requires": {
        "source-map": "^0.5.3",
        "urix": "^0.1.0"
      }
    },
    "source-map-dummy": {
      "version": "1.0.0",
      "resolved": "https://registry.npmjs.org/source-map-dummy/-/source-map-dummy-1.0.0.tgz",
      "integrity": "sha1-myQ4MU/08gy9npr8x+O16mPcSfk=",
      "requires": {
        "css-tokens": "^1.0.0",
        "js-tokens": "^1.0.0",
        "source-map": "~0.4.0"
      },
      "dependencies": {
        "source-map": {
          "version": "0.4.4",
          "resolved": "https://registry.npmjs.org/source-map/-/source-map-0.4.4.tgz",
          "integrity": "sha1-66T12pwNyZneaAMti092FzZSA2s=",
          "requires": {
            "amdefine": ">=0.0.4"
          }
        }
      }
    },
    "source-map-resolve": {
      "version": "0.6.0",
      "resolved": "https://registry.npmjs.org/source-map-resolve/-/source-map-resolve-0.6.0.tgz",
      "integrity": "sha512-KXBr9d/fO/bWo97NXsPIAW1bFSBOuCnjbNTBMO7N59hsv5i9yzRDfcYwwt0l04+VqnKC+EwzvJZIP/qkuMgR/w==",
      "requires": {
        "atob": "^2.1.2",
        "decode-uri-component": "^0.2.0"
      }
    },
    "tr46": {
      "version": "0.0.3",
      "resolved": "https://registry.npmjs.org/tr46/-/tr46-0.0.3.tgz",
      "integrity": "sha512-N3WMsuqV66lT30CrXNbEjx4GEwlow3v6rr4mCcv6prnfwhS01rkgyFdjPNBYd9br7LpXV1+Emh01fHnq2Gdgrw=="
    },
    "urix": {
      "version": "0.1.0",
      "resolved": "https://registry.npmjs.org/urix/-/urix-0.1.0.tgz",
      "integrity": "sha1-2pN/emLiH+wf0Y1Js1wpNQZ6bHI="
    },
    "webidl-conversions": {
      "version": "3.0.1",
      "resolved": "https://registry.npmjs.org/webidl-conversions/-/webidl-conversions-3.0.1.tgz",
      "integrity": "sha512-2JAn3z8AR6rjK8Sm8orRC0h/bcl/DqL7tRPdGZ4I1CjdF+EaMLmYxBHyXuKL849eucPFhvBoxMsflfOb8kxaeQ=="
    },
    "whatwg-url": {
      "version": "5.0.0",
      "resolved": "https://registry.npmjs.org/whatwg-url/-/whatwg-url-5.0.0.tgz",
      "integrity": "sha512-saE57nupxk6v3HY35+jzBwYa0rKSy0XR8JSxZPwgLr7ys0IBzhGviA1/TUGJLmSVqs8pb9AnvICXEuOHLprYTw==",
      "requires": {
        "tr46": "~0.0.3",
        "webidl-conversions": "^3.0.0"
      }
    }
  }
}
